<?xml version="1.0" encoding="utf-8"?>
<Project ToolsVersion="4.0" xmlns="http://schemas.microsoft.com/developer/msbuild/2003">
  <ItemGroup>
    <ClCompile Include="MainFrm.cpp">
      <Filter>Default</Filter>
    </ClCompile>
    <ClCompile Include="IonFuryEditorView.cpp">
      <Filter>Default</Filter>
    </ClCompile>
    <ClCompile Include="IonFuryEditorDoc.cpp">
      <Filter>Default</Filter>
    </ClCompile>
    <ClCompile Include="IonFuryEditorBase.cpp">
      <Filter>Default</Filter>
    </ClCompile>
    <ClCompile Include="IonFuryEditor.cpp">
      <Filter>Default</Filter>
    </ClCompile>
    <ClCompile Include="Pickable.cpp">
      <Filter>EditorCore</Filter>
    </ClCompile>
    <ClCompile Include="Gizmo.cpp">
      <Filter>EditorCore</Filter>
    </ClCompile>
    <ClCompile Include="FreePerspectiveCamera.cpp">
      <Filter>EditorCore</Filter>
    </ClCompile>
    <ClCompile Include="EditorScene.cpp">
      <Filter>EditorCore</Filter>
    </ClCompile>
    <ClCompile Include="EditorManager.cpp">
      <Filter>EditorCore</Filter>
    </ClCompile>
    <ClCompile Include="DlgLightTool.cpp">
      <Filter>Dlg</Filter>
    </ClCompile>
    <ClCompile Include="DlgObjectTool.cpp">
      <Filter>Dlg</Filter>
    </ClCompile>
    <ClCompile Include="DlgTextureTool.cpp">
      <Filter>Dlg</Filter>
    </ClCompile>
    <ClCompile Include="LightManager.cpp">
      <Filter>EditorCore</Filter>
    </ClCompile>
    <ClCompile Include="FileInfo.cpp" />
  </ItemGroup>
  <ItemGroup>
    <ClInclude Include="targetver.h">
      <Filter>Default</Filter>
    </ClInclude>
    <ClInclude Include="Resource.h">
      <Filter>Default</Filter>
    </ClInclude>
    <ClInclude Include="MainFrm.h">
      <Filter>Default</Filter>
    </ClInclude>
    <ClInclude Include="IonFuryEditorView.h">
      <Filter>Default</Filter>
    </ClInclude>
    <ClInclude Include="IonFuryEditorDoc.h">
      <Filter>Default</Filter>
    </ClInclude>
    <ClInclude Include="IonFuryEditorBase.h">
      <Filter>Default</Filter>
    </ClInclude>
    <ClInclude Include="IonFuryEditor.h">
      <Filter>Default</Filter>
    </ClInclude>
    <ClInclude Include="framework.h">
      <Filter>Default</Filter>
    </ClInclude>
    <ClInclude Include="Pickable.h">
      <Filter>EditorCore</Filter>
    </ClInclude>
    <ClInclude Include="Gizmo.h">
      <Filter>EditorCore</Filter>
    </ClInclude>
    <ClInclude Include="FreePerspectiveCamera.h">
      <Filter>EditorCore</Filter>
    </ClInclude>
    <ClInclude Include="EditorScene.h">
      <Filter>EditorCore</Filter>
    </ClInclude>
    <ClInclude Include="EditorManager.h">
      <Filter>EditorCore</Filter>
    </ClInclude>
    <ClInclude Include="DlgObjectTool.h">
      <Filter>Dlg</Filter>
    </ClInclude>
    <ClInclude Include="DlgLightTool.h">
      <Filter>Dlg</Filter>
    </ClInclude>
    <ClInclude Include="DlgTextureTool.h">
      <Filter>Dlg</Filter>
    </ClInclude>
    <ClInclude Include="LightManager.h">
      <Filter>EditorCore</Filter>
    </ClInclude>
    <ClInclude Include="FileInfo.h" />
  </ItemGroup>
  <ItemGroup>
    <Image Include="res\Toolbar.bmp">
      <Filter>Default</Filter>
    </Image>
    <Image Include="res\IonFuryEditorDoc.ico">
      <Filter>Default</Filter>
    </Image>
    <Image Include="res\IonFuryEditor.ico">
      <Filter>Default</Filter>
    </Image>
  </ItemGroup>
  <ItemGroup>
    <None Include="cpp.hint" />
    <None Include="res\IonFuryEditor.rc2">
      <Filter>Default</Filter>
    </None>
  </ItemGroup>
  <ItemGroup>
    <Filter Include="Default">
      <UniqueIdentifier>{cc1256ed-f165-4018-bc41-ae48e69a5cc5}</UniqueIdentifier>
    </Filter>
    <Filter Include="EditorCore">
      <UniqueIdentifier>{e0eb609c-fcdd-4e42-94d5-53063a8d71c1}</UniqueIdentifier>
    </Filter>
    <Filter Include="Dlg">
      <UniqueIdentifier>{c1931ec0-0b18-441e-ae8e-49be9f78f092}</UniqueIdentifier>
    </Filter>
  </ItemGroup>
  <ItemGroup>
    <ResourceCompile Include="IonFuryEditor.rc">
      <Filter>Default</Filter>
    </ResourceCompile>
  </ItemGroup>
</Project>