<?xml version="1.0" encoding="utf-8"?>
<Project ToolsVersion="4.0" xmlns="http://schemas.microsoft.com/developer/msbuild/2003">
  <ItemGroup>
    <ClCompile Include="PhysicsInitialize.cpp">
      <Filter>Initialize</Filter>
    </ClCompile>
    <ClCompile Include="Player.cpp">
      <Filter>Player</Filter>
    </ClCompile>
    <ClCompile Include="Main.cpp">
      <Filter>Default</Filter>
    </ClCompile>
    <ClCompile Include="Monster.cpp">
      <Filter>Monster</Filter>
    </ClCompile>
    <ClCompile Include="UserMixMesh.cpp">
      <Filter>UserMixMesh</Filter>
    </ClCompile>
    <ClCompile Include="stdafx.cpp">
      <Filter>Default</Filter>
    </ClCompile>
    <ClCompile Include="TestScene.cpp">
      <Filter>Scene</Filter>
    </ClCompile>
    <ClCompile Include="TestScene2.cpp">
      <Filter>Scene</Filter>
    </ClCompile>
    <ClCompile Include="SpriteAnimator.cpp">
      <Filter>Animation</Filter>
    </ClCompile>
    <ClCompile Include="SpriteAnimation.cpp">
      <Filter>Animation</Filter>
    </ClCompile>
    <ClCompile Include="Drone.cpp">
      <Filter>Monster\Drone</Filter>
    </ClCompile>
    <ClCompile Include="DroneSpriteAnimator.cpp">
      <Filter>Monster\Drone</Filter>
    </ClCompile>
    <ClCompile Include="Gunner.cpp">
      <Filter>Monster\Gunner</Filter>
    </ClCompile>
    <ClCompile Include="GunnerSpriteAnimator.cpp">
      <Filter>Monster\Gunner</Filter>
    </ClCompile>
    <ClCompile Include="Spider.cpp">
      <Filter>Monster\Spider</Filter>
    </ClCompile>
    <ClCompile Include="SpiderSpriteAnimator.cpp">
      <Filter>Monster\Spider</Filter>
    </ClCompile>
    <ClCompile Include="Web.cpp">
      <Filter>Monster\Spider</Filter>
    </ClCompile>
    <ClCompile Include="BillboardEffect.cpp">
      <Filter>Effect\BillboardEffect</Filter>
    </ClCompile>
    <ClCompile Include="BulletProof.cpp">
      <Filter>Effect\BulletPrrof</Filter>
    </ClCompile>
    <ClCompile Include="BulletTrail.cpp">
      <Filter>Effect\BulletTrail</Filter>
    </ClCompile>
    <ClCompile Include="Cube.cpp">
      <Filter>UserMixMesh\Cube</Filter>
    </ClCompile>
    <ClCompile Include="TriangleStair.cpp">
      <Filter>UserMixMesh\TriangleStair</Filter>
    </ClCompile>
    <ClCompile Include="Weapon.cpp">
      <Filter>Player\Weapon</Filter>
    </ClCompile>
    <ClCompile Include="Launcher.cpp">
      <Filter>Player\Weapon\Launcher</Filter>
    </ClCompile>
    <ClCompile Include="LauncherAnimator.cpp">
      <Filter>Player\Weapon\Launcher</Filter>
    </ClCompile>
    <ClCompile Include="LauncherGranade.cpp">
      <Filter>Player\Weapon\Launcher</Filter>
    </ClCompile>
    <ClCompile Include="Revolver.cpp">
      <Filter>Player\Weapon\Revolver</Filter>
    </ClCompile>
    <ClCompile Include="RevolverAnimator.cpp">
      <Filter>Player\Weapon\Revolver</Filter>
    </ClCompile>
    <ClCompile Include="GranadeTrail.cpp">
      <Filter>Player\Weapon\Launcher</Filter>
    </ClCompile>
    <ClCompile Include="FPSCamera.cpp">
      <Filter>Player\FPSCamera</Filter>
    </ClCompile>
    <ClCompile Include="FPSCharacterController.cpp">
      <Filter>Player\FPSCharacterController</Filter>
    </ClCompile>
    <ClCompile Include="FPSOrthoCamera.cpp">
      <Filter>Player\FPSOrthoCamera</Filter>
    </ClCompile>
    <ClCompile Include="OrthoEffect.cpp">
      <Filter>Player\FPSOrthoCamera</Filter>
    </ClCompile>
    <ClCompile Include="SMG.cpp">
      <Filter>Player\Weapon\SMG</Filter>
    </ClCompile>
    <ClCompile Include="SMGAnimator.cpp">
      <Filter>Player\Weapon\SMG</Filter>
    </ClCompile>
    <ClCompile Include="Chaingun.cpp">
      <Filter>Player\Weapon\Chaingun</Filter>
    </ClCompile>
    <ClCompile Include="ChaingunAmmopartAnimator.cpp">
      <Filter>Player\Weapon\Chaingun</Filter>
    </ClCompile>
    <ClCompile Include="ChaingunGunpartAnimator.cpp">
      <Filter>Player\Weapon\Chaingun</Filter>
    </ClCompile>
    <ClCompile Include="BloodEffect.cpp">
      <Filter>Effect\Blood</Filter>
    </ClCompile>
  </ItemGroup>
  <ItemGroup>
    <ClInclude Include="WeaponTypes.h">
      <Filter>Initialize</Filter>
    </ClInclude>
    <ClInclude Include="PhysicsLayers.h">
      <Filter>Initialize</Filter>
    </ClInclude>
    <ClInclude Include="PhysicsInitialize.h">
      <Filter>Initialize</Filter>
    </ClInclude>
    <ClInclude Include="Player.h">
      <Filter>Player</Filter>
    </ClInclude>
    <ClInclude Include="OverlayRenderOrders.h">
      <Filter>Initialize</Filter>
    </ClInclude>
    <ClInclude Include="RenderLayers.h">
      <Filter>Initialize</Filter>
    </ClInclude>
    <ClInclude Include="framework.h">
      <Filter>Default</Filter>
    </ClInclude>
    <ClInclude Include="Resource.h">
      <Filter>Default</Filter>
    </ClInclude>
    <ClInclude Include="Main.h">
      <Filter>Default</Filter>
    </ClInclude>
    <ClInclude Include="Monster.h">
      <Filter>Monster</Filter>
    </ClInclude>
    <ClInclude Include="UserMixMesh.h">
      <Filter>UserMixMesh</Filter>
    </ClInclude>
    <ClInclude Include="stdafx.h">
      <Filter>Default</Filter>
    </ClInclude>
    <ClInclude Include="targetver.h">
      <Filter>Default</Filter>
    </ClInclude>
    <ClInclude Include="TestScene2.h">
      <Filter>Scene</Filter>
    </ClInclude>
    <ClInclude Include="TestScene.h">
      <Filter>Scene</Filter>
    </ClInclude>
    <ClInclude Include="SpriteAnimator.h">
      <Filter>Animation</Filter>
    </ClInclude>
    <ClInclude Include="SpriteAnimation.h">
      <Filter>Animation</Filter>
    </ClInclude>
    <ClInclude Include="Drone.h">
      <Filter>Monster\Drone</Filter>
    </ClInclude>
    <ClInclude Include="DroneSpriteAnimator.h">
      <Filter>Monster\Drone</Filter>
    </ClInclude>
    <ClInclude Include="Gunner.h">
      <Filter>Monster\Gunner</Filter>
    </ClInclude>
    <ClInclude Include="GunnerSpriteAnimator.h">
      <Filter>Monster\Gunner</Filter>
    </ClInclude>
    <ClInclude Include="Spider.h">
      <Filter>Monster\Spider</Filter>
    </ClInclude>
    <ClInclude Include="SpiderSpriteAnimator.h">
      <Filter>Monster\Spider</Filter>
    </ClInclude>
    <ClInclude Include="Web.h">
      <Filter>Monster\Spider</Filter>
    </ClInclude>
    <ClInclude Include="BillboardEffect.h">
      <Filter>Effect\BillboardEffect</Filter>
    </ClInclude>
    <ClInclude Include="BulletProof.h">
      <Filter>Effect\BulletPrrof</Filter>
    </ClInclude>
    <ClInclude Include="BulletTrail.h">
      <Filter>Effect\BulletTrail</Filter>
    </ClInclude>
    <ClInclude Include="Cube.h">
      <Filter>UserMixMesh\Cube</Filter>
    </ClInclude>
    <ClInclude Include="TriangleStair.h">
      <Filter>UserMixMesh\TriangleStair</Filter>
    </ClInclude>
    <ClInclude Include="Weapon.h">
      <Filter>Player\Weapon</Filter>
    </ClInclude>
    <ClInclude Include="Launcher.h">
      <Filter>Player\Weapon\Launcher</Filter>
    </ClInclude>
    <ClInclude Include="LauncherAnimator.h">
      <Filter>Player\Weapon\Launcher</Filter>
    </ClInclude>
    <ClInclude Include="LauncherGranade.h">
      <Filter>Player\Weapon\Launcher</Filter>
    </ClInclude>
    <ClInclude Include="Revolver.h">
      <Filter>Player\Weapon\Revolver</Filter>
    </ClInclude>
    <ClInclude Include="RevolverAnimator.h">
      <Filter>Player\Weapon\Revolver</Filter>
    </ClInclude>
    <ClInclude Include="GranadeTrail.h">
      <Filter>Player\Weapon\Launcher</Filter>
    </ClInclude>
    <ClInclude Include="FPSCamera.h">
      <Filter>Player\FPSCamera</Filter>
    </ClInclude>
    <ClInclude Include="FPSCharacterController.h">
      <Filter>Player\FPSCharacterController</Filter>
    </ClInclude>
    <ClInclude Include="FPSOrthoCamera.h">
      <Filter>Player\FPSOrthoCamera</Filter>
    </ClInclude>
    <ClInclude Include="OrthoEffect.h">
      <Filter>Player\FPSOrthoCamera</Filter>
    </ClInclude>
    <ClInclude Include="SMG.h">
      <Filter>Player\Weapon\SMG</Filter>
    </ClInclude>
    <ClInclude Include="SMGAnimator.h">
      <Filter>Player\Weapon\SMG</Filter>
    </ClInclude>
    <ClInclude Include="ChaingunGunpartAnimator.h">
      <Filter>Player\Weapon\Chaingun</Filter>
    </ClInclude>
    <ClInclude Include="Chaingun.h">
      <Filter>Player\Weapon\Chaingun</Filter>
    </ClInclude>
    <ClInclude Include="ChaingunAmmopartAnimator.h">
      <Filter>Player\Weapon\Chaingun</Filter>
    </ClInclude>
    <ClInclude Include="BloodEffect.h">
      <Filter>Effect\Blood</Filter>
    </ClInclude>
  </ItemGroup>
  <ItemGroup>
    <Image Include="IonFury.ico">
      <Filter>Default</Filter>
    </Image>
    <Image Include="small.ico">
      <Filter>Default</Filter>
    </Image>
  </ItemGroup>
  <ItemGroup>
    <Filter Include="Player">
      <UniqueIdentifier>{f4474f13-5e07-4509-bd6f-93ea63fcc6a0}</UniqueIdentifier>
    </Filter>
    <Filter Include="Initialize">
      <UniqueIdentifier>{4ea17e0b-757a-41d5-8ca7-76e230e67b0a}</UniqueIdentifier>
    </Filter>
    <Filter Include="Monster">
      <UniqueIdentifier>{fc3a4172-fe75-4241-b314-c16e3e70c900}</UniqueIdentifier>
    </Filter>
    <Filter Include="Default">
      <UniqueIdentifier>{274f2630-8b03-48f0-a0d5-60ec215eebc3}</UniqueIdentifier>
    </Filter>
    <Filter Include="UserMixMesh">
      <UniqueIdentifier>{43e5c40b-ed9c-4016-a2b9-edd93d0f3eb7}</UniqueIdentifier>
    </Filter>
    <Filter Include="Scene">
      <UniqueIdentifier>{d132e486-eb07-4e1b-9bff-752534c5d6ea}</UniqueIdentifier>
    </Filter>
    <Filter Include="Animation">
      <UniqueIdentifier>{4cb0a06c-cba9-4bb5-ae0c-d5d55c8fc7ab}</UniqueIdentifier>
    </Filter>
    <Filter Include="Effect">
      <UniqueIdentifier>{d3f95ce9-ad56-4f16-823c-60eac3fc67d3}</UniqueIdentifier>
    </Filter>
    <Filter Include="Monster\Drone">
      <UniqueIdentifier>{2e82c966-71b6-4931-b975-48b24fc5f846}</UniqueIdentifier>
    </Filter>
    <Filter Include="Monster\Gunner">
      <UniqueIdentifier>{a26b2a83-f228-4e6a-950c-3136089df29a}</UniqueIdentifier>
    </Filter>
    <Filter Include="Monster\Spider">
      <UniqueIdentifier>{2f8a3dfe-a684-4a74-8888-bb612c8ca425}</UniqueIdentifier>
    </Filter>
    <Filter Include="Effect\BillboardEffect">
      <UniqueIdentifier>{93f7a33f-8f63-44bc-87fd-045b4590a96a}</UniqueIdentifier>
    </Filter>
    <Filter Include="Effect\BulletPrrof">
      <UniqueIdentifier>{a0f293fb-4db4-4abf-940b-9e3b1dbe921d}</UniqueIdentifier>
    </Filter>
    <Filter Include="Effect\BulletTrail">
      <UniqueIdentifier>{175a30ab-2e43-4487-b986-bad053a49df4}</UniqueIdentifier>
    </Filter>
    <Filter Include="UserMixMesh\Cube">
      <UniqueIdentifier>{223998da-340a-456b-8024-8aaa291d2180}</UniqueIdentifier>
    </Filter>
    <Filter Include="UserMixMesh\TriangleStair">
      <UniqueIdentifier>{3705107a-4dc9-40c4-bcd7-ff837dd13ab8}</UniqueIdentifier>
    </Filter>
    <Filter Include="Player\Weapon">
      <UniqueIdentifier>{0c67afdb-fc6e-4f22-93df-ff706ff5cb9c}</UniqueIdentifier>
    </Filter>
    <Filter Include="Player\Weapon\Launcher">
      <UniqueIdentifier>{dacc8ffc-4ef8-470e-9c16-f45ae90c3ebd}</UniqueIdentifier>
    </Filter>
    <Filter Include="Player\Weapon\Revolver">
      <UniqueIdentifier>{70e3703f-dec2-447d-9cf7-3c4d95fb6d63}</UniqueIdentifier>
    </Filter>
    <Filter Include="Player\FPSCamera">
      <UniqueIdentifier>{5e23bcc3-7774-4cdc-a0da-97452768a39f}</UniqueIdentifier>
    </Filter>
    <Filter Include="Player\FPSCharacterController">
      <UniqueIdentifier>{c3179b1e-b0c4-4814-9b3c-cc027375abe1}</UniqueIdentifier>
    </Filter>
    <Filter Include="Player\FPSOrthoCamera">
      <UniqueIdentifier>{3904ecde-6516-4a71-b772-371c9e981347}</UniqueIdentifier>
    </Filter>
    <Filter Include="Player\Weapon\SMG">
      <UniqueIdentifier>{2ca8e1c0-d141-445a-9f30-c889328996a8}</UniqueIdentifier>
    </Filter>
    <Filter Include="Player\Weapon\Chaingun">
      <UniqueIdentifier>{dffa52ae-fbdf-4625-b2b4-8e608ba4ba7d}</UniqueIdentifier>
    </Filter>
    <Filter Include="Effect\Blood">
      <UniqueIdentifier>{1f27907a-e02c-483e-b085-6fb7ed394e91}</UniqueIdentifier>
    </Filter>
  </ItemGroup>
  <ItemGroup>
    <ResourceCompile Include="IonFury.rc">
      <Filter>Default</Filter>
    </ResourceCompile>
  </ItemGroup>
  <ItemGroup>
    <None Include="cpp.hint">
      <Filter>Default</Filter>
    </None>
  </ItemGroup>
</Project>